
Microsoft Visual Studio Solution File, Format Version 12.00
# Visual Studio 15
VisualStudioVersion = 15.0.26730.16
MinimumVisualStudioVersion = 10.0.40219.1
Project("{FAE04EC0-301F-11D3-BF4B-00C04F79EFBC}") = "HopHub", "HopHub\HopHub.csproj", "{8F495D3C-3171-4628-B634-E7A7A3FF78BB}"
EndProject
Global
	GlobalSection(SolutionConfigurationPlatforms) = preSolution
		Debug|Any CPU = Debug|Any CPU
		Release|Any CPU = Release|Any CPU
	EndGlobalSection
	GlobalSection(ProjectConfigurationPlatforms) = postSolution
		{8F495D3C-3171-4628-B634-E7A7A3FF78BB}.Debug|Any CPU.ActiveCfg = Debug|Any CPU
		{8F495D3C-3171-4628-B634-E7A7A3FF78BB}.Debug|Any CPU.Build.0 = Debug|Any CPU
		{8F495D3C-3171-4628-B634-E7A7A3FF78BB}.Release|Any CPU.ActiveCfg = Release|Any CPU
		{8F495D3C-3171-4628-B634-E7A7A3FF78BB}.Release|Any CPU.Build.0 = Release|Any CPU
	EndGlobalSection
	GlobalSection(SolutionProperties) = preSolution
		HideSolutionNode = FALSE
	EndGlobalSection
	GlobalSection(ExtensibilityGlobals) = postSolution
		SolutionGuid = {7A2D1070-EB7A-45D0-89B4-3962F7FEF790}
	EndGlobalSection
EndGlobal
